github.com/google/uuid v1.1.1 h1:Gkbcsh/GbpXz7lPftLA3P6TYMwjCLYm83jiFQZF/3gY=
github.com/google/uuid v1.1.1/go.mod h1:TIyPZe4MgqvfeYDBFedMoGGpEw/LqOeaOT+nhxU+yHo=
github.com/gorilla/mux v1.7.3 h1:gnP5JzjVOuiZD07fKKToCAOjS0yOpj/qPETTXCCS6hw=
github.com/gorilla/mux v1.7.3/go.mod h1:1lud6UwP+6orDFRuTfBEV8e9/aOM/c4fVVCaMa2zaAs=
github.com/wdy0808/go-common v0.0.0-20190906143712-5a92a332d88e h1:Pb5/DvNvSAIIDE4+w80m/8Fy2Ffu/15WSb9TGSjV03A=
github.com/wdy0808/go-common v0.0.0-20190906143712-5a92a332d88e/go.mod h1:TTs5KbN/C5rUkrOr4Mml5lHyVK+dU4ogAAMmjgojVCA=
github.com/wdy0808/go-common v0.0.0-20190906144030-b2c0f890702e h1:BsMrtEGnPkUYQTevKlygTBl2+V3UE4pMT4PDozV2NMI=
github.com/wdy0808/go-common v0.0.0-20190906144030-b2c0f890702e/go.mod h1:TTs5KbN/C5rUkrOr4Mml5lHyVK+dU4ogAAMmjgojVCA=
github.com/wdy0808/httpgo v0.0.0-20190907032926-65e0a5040c6a h1:84sAIu8W2Stt3nS0/KY/jGBKtAWBaHW4A9P9VegUotA=
github.com/wdy0808/httpgo v0.0.0-20190907032926-65e0a5040c6a/go.mod h1:jQyswq3Dn9Cuso42MjGRQVyapcO/AyMP+OmVorl6nbM=
github.com/wdy0808/httpgo v0.0.0-20190907034445-1bad1c492555 h1:dv8es0xC3czi+ukIMLQNDXj7V/2hFnqQdDH+Qskly3w=
github.com/wdy0808/httpgo v0.0.0-20190907034445-1bad1c492555/go.mod h1:jQyswq3Dn9Cuso42MjGRQVyapcO/AyMP+OmVorl6nbM=
github.com/wdy0808/httpgo v0.0.0-20190907034701-8edca5290235 h1:t/yT1AuvNIfYoqYHCNQTf6/bi/ZL5OIJoXPXHwqPq/g=
github.com/wdy0808/httpgo v0.0.0-20190907034701-8edca5290235/go.mod h1:jQyswq3Dn9Cuso42MjGRQVyapcO/AyMP+OmVorl6nbM=
github.com/wdy0808/httpgo v0.0.0-20190907035158-e3f45bd271e8 h1:Ic+cSKRyxnXNnDvBDnYT+1bx30wW/7cXUdr4t9IZlRc=
github.com/wdy0808/httpgo v0.0.0-20190907035158-e3f45bd271e8/go.mod h1:jQyswq3Dn9Cuso42MjGRQVyapcO/AyMP+OmVorl6nbM=
gopkg.in/antonholmquist/jason.v1 v1.0.0 h1:8uYQ/VrXbz2wB2kEhgdcuwJ4EdAY0eJ0M3k6YvaLje4=
gopkg.in/antonholmquist/jason.v1 v1.0.0/go.mod h1:M2y7bIWX6uLDdKZe2Tt8sQR80pMpVvMeMwfHE3s+i04=
